<Solution>
  <Folder Name="/test/">
    <Project Path="test/Blocwerk.Core.Tests/Blocwerk.Core.Tests.csproj" />
  </Folder>
  <Project Path="src/Blocwerk.AppHost/Blocwerk.AppHost.csproj" />
  <Project Path="src/Blocwerk.Core/Blocwerk.Core.csproj" />
  <Project Path="src/Blocwerk.Web/Blocwerk.Web.csproj" />
</Solution>
